
Microsoft Visual Studio Solution File, Format Version 12.00
Project("{FAE04EC0-301F-11D3-BF4B-00C04F79EFBC}") = "MangaReader", "MangaReader\MangaReader.csproj", "{52457CD4-BF35-4A40-94C8-BF90627BD50B}"
EndProject
Global
	GlobalSection(SolutionConfigurationPlatforms) = preSolution
		Debug|Any CPU = Debug|Any CPU
		Release|Any CPU = Release|Any CPU
	EndGlobalSection
	GlobalSection(ProjectConfigurationPlatforms) = postSolution
		{52457CD4-BF35-4A40-94C8-BF90627BD50B}.Debug|Any CPU.ActiveCfg = Debug|Any CPU
		{52457CD4-BF35-4A40-94C8-BF90627BD50B}.Debug|Any CPU.Build.0 = Debug|Any CPU
		{52457CD4-BF35-4A40-94C8-BF90627BD50B}.Release|Any CPU.ActiveCfg = Release|Any CPU
		{52457CD4-BF35-4A40-94C8-BF90627BD50B}.Release|Any CPU.Build.0 = Release|Any CPU
	EndGlobalSection
EndGlobal
